// !$*UTF8*$!
{
	archiveVersion = 1;
	classes = {
	};
	objectVersion = 50;
	objects = {

/* Begin PBXBuildFile section */
		25AD6B4A24D5666300DE99B0 /* AppDelegate.m in Sources */ = {isa = PBXBuildFile; fileRef = 25AD6B4924D5666300DE99B0 /* AppDelegate.m */; };
		25AD6B4D24D5666300DE99B0 /* SceneDelegate.m in Sources */ = {isa = PBXBuildFile; fileRef = 25AD6B4C24D5666300DE99B0 /* SceneDelegate.m */; };
		25AD6B5024D5666300DE99B0 /* ViewController.m in Sources */ = {isa = PBXBuildFile; fileRef = 25AD6B4F24D5666300DE99B0 /* ViewController.m */; };
		25AD6B5324D5666300DE99B0 /* Main.storyboard in Resources */ = {isa = PBXBuildFile; fileRef = 25AD6B5124D5666300DE99B0 /* Main.storyboard */; };
		25AD6B5524D5666500DE99B0 /* Assets.xcassets in Resources */ = {isa = PBXBuildFile; fileRef = 25AD6B5424D5666500DE99B0 /* Assets.xcassets */; };
		25AD6B5824D5666500DE99B0 /* LaunchScreen.storyboard in Resources */ = {isa = PBXBuildFile; fileRef = 25AD6B5624D5666500DE99B0 /* LaunchScreen.storyboard */; };
		25AD6B5B24D5666500DE99B0 /* main.m in Sources */ = {isa = PBXBuildFile; fileRef = 25AD6B5A24D5666500DE99B0 /* main.m */; };
		25AD6B6524D5666500DE99B0 /* YQTestMeetVrTests.m in Sources */ = {isa = PBXBuildFile; fileRef = 25AD6B6424D5666500DE99B0 /* YQTestMeetVrTests.m */; };
		25AD6B7024D5666500DE99B0 /* YQTestMeetVrUITests.m in Sources */ = {isa = PBXBuildFile; fileRef = 25AD6B6F24D5666500DE99B0 /* YQTestMeetVrUITests.m */; };
/* End PBXBuildFile section */

/* Begin PBXContainerItemProxy section */
		25AD6B6124D5666500DE99B0 /* PBXContainerItemProxy */ = {
			isa = PBXContainerItemProxy;
			containerPortal = 25AD6B3D24D5666300DE99B0 /* Project object */;
			proxyType = 1;
			remoteGlobalIDString = 25AD6B4424D5666300DE99B0;
			remoteInfo = YQTestMeetVr;
		};
		25AD6B6C24D5666500DE99B0 /* PBXContainerItemProxy */ = {
			isa = PBXContainerItemProxy;
			containerPortal = 25AD6B3D24D5666300DE99B0 /* Project object */;
			proxyType = 1;
			remoteGlobalIDString = 25AD6B4424D5666300DE99B0;
			remoteInfo = YQTestMeetVr;
		};
/* End PBXContainerItemProxy section */

/* Begin PBXFileReference section */
		25AD6B4524D5666300DE99B0 /* YQTestMeetVr.app */ = {isa = PBXFileReference; explicitFileType = wrapper.application; includeInIndex = 0; path = YQTestMeetVr.app; sourceTree = BUILT_PRODUCTS_DIR; };
		25AD6B4824D5666300DE99B0 /* AppDelegate.h */ = {isa = PBXFileReference; lastKnownFileType = sourcecode.c.h; path = AppDelegate.h; sourceTree = "<group>"; };
		25AD6B4924D5666300DE99B0 /* AppDelegate.m */ = {isa = PBXFileReference; lastKnownFileType = sourcecode.c.objc; path = AppDelegate.m; sourceTree = "<group>"; };
		25AD6B4B24D5666300DE99B0 /* SceneDelegate.h */ = {isa = PBXFileReference; lastKnownFileType = sourcecode.c.h; path = SceneDelegate.h; sourceTree = "<group>"; };
		25AD6B4C24D5666300DE99B0 /* SceneDelegate.m */ = {isa = PBXFileReference; lastKnownFileType = sourcecode.c.objc; path = SceneDelegate.m; sourceTree = "<group>"; };
		25AD6B4E24D5666300DE99B0 /* ViewController.h */ = {isa = PBXFileReference; lastKnownFileType = sourcecode.c.h; path = ViewController.h; sourceTree = "<group>"; };
		25AD6B4F24D5666300DE99B0 /* ViewController.m */ = {isa = PBXFileReference; lastKnownFileType = sourcecode.c.objc; path = ViewController.m; sourceTree = "<group>"; };
		25AD6B5224D5666300DE99B0 /* Base */ = {isa = PBXFileReference; lastKnownFileType = file.storyboard; name = Base; path = Base.lproj/Main.storyboard; sourceTree = "<group>"; };
		25AD6B5424D5666500DE99B0 /* Assets.xcassets */ = {isa = PBXFileReference; lastKnownFileType = folder.assetcatalog; path = Assets.xcassets; sourceTree = "<group>"; };
		25AD6B5724D5666500DE99B0 /* Base */ = {isa = PBXFileReference; lastKnownFileType = file.storyboard; name = Base; path = Base.lproj/LaunchScreen.storyboard; sourceTree = "<group>"; };
		25AD6B5924D5666500DE99B0 /* Info.plist */ = {isa = PBXFileReference; lastKnownFileType = text.plist.xml; path = Info.plist; sourceTree = "<group>"; };
		25AD6B5A24D5666500DE99B0 /* main.m */ = {isa = PBXFileReference; lastKnownFileType = sourcecode.c.objc; path = main.m; sourceTree = "<group>"; };
		25AD6B6024D5666500DE99B0 /* YQTestMeetVrTests.xctest */ = {isa = PBXFileReference; explicitFileType = wrapper.cfbundle; includeInIndex = 0; path = YQTestMeetVrTests.xctest; sourceTree = BUILT_PRODUCTS_DIR; };
		25AD6B6424D5666500DE99B0 /* YQTestMeetVrTests.m */ = {isa = PBXFileReference; lastKnownFileType = sourcecode.c.objc; path = YQTestMeetVrTests.m; sourceTree = "<group>"; };
		25AD6B6624D5666500DE99B0 /* Info.plist */ = {isa = PBXFileReference; lastKnownFileType = text.plist.xml; path = Info.plist; sourceTree = "<group>"; };
		25AD6B6B24D5666500DE99B0 /* YQTestMeetVrUITests.xctest */ = {isa = PBXFileReference; explicitFileType = wrapper.cfbundle; includeInIndex = 0; path = YQTestMeetVrUITests.xctest; sourceTree = BUILT_PRODUCTS_DIR; };
		25AD6B6F24D5666500DE99B0 /* YQTestMeetVrUITests.m */ = {isa = PBXFileReference; lastKnownFileType = sourcecode.c.objc; path = YQTestMeetVrUITests.m; sourceTree = "<group>"; };
		25AD6B7124D5666500DE99B0 /* Info.plist */ = {isa = PBXFileReference; lastKnownFileType = text.plist.xml; path = Info.plist; sourceTree = "<group>"; };
/* End PBXFileReference section */

/* Begin PBXFrameworksBuildPhase section */
		25AD6B4224D5666300DE99B0 /* Frameworks */ = {
			isa = PBXFrameworksBuildPhase;
			buildActionMask = 2147483647;
			files = (
			);
			runOnlyForDeploymentPostprocessing = 0;
		};
		25AD6B5D24D5666500DE99B0 /* Frameworks */ = {
			isa = PBXFrameworksBuildPhase;
			buildActionMask = 2147483647;
			files = (
			);
			runOnlyForDeploymentPostprocessing = 0;
		};
		25AD6B6824D5666500DE99B0 /* Frameworks */ = {
			isa = PBXFrameworksBuildPhase;
			buildActionMask = 2147483647;
			files = (
			);
			runOnlyForDeploymentPostprocessing = 0;
		};
/* End PBXFrameworksBuildPhase section */

/* Begin PBXGroup section */
		25AD6B3C24D5666300DE99B0 = {
			isa = PBXGroup;
			children = (
				25AD6B4724D5666300DE99B0 /* YQTestMeetVr */,
				25AD6B6324D5666500DE99B0 /* YQTestMeetVrTests */,
				25AD6B6E24D5666500DE99B0 /* YQTestMeetVrUITests */,
				25AD6B4624D5666300DE99B0 /* Products */,
			);
			sourceTree = "<group>";
		};
		25AD6B4624D5666300DE99B0 /* Products */ = {
			isa = PBXGroup;
			children = (
				25AD6B4524D5666300DE99B0 /* YQTestMeetVr.app */,
				25AD6B6024D5666500DE99B0 /* YQTestMeetVrTests.xctest */,
				25AD6B6B24D5666500DE99B0 /* YQTestMeetVrUITests.xctest */,
			);
			name = Products;
			sourceTree = "<group>";
		};
		25AD6B4724D5666300DE99B0 /* YQTestMeetVr */ = {
			isa = PBXGroup;
			children = (
				25AD6B4824D5666300DE99B0 /* AppDelegate.h */,
				25AD6B4924D5666300DE99B0 /* AppDelegate.m */,
				25AD6B4B24D5666300DE99B0 /* SceneDelegate.h */,
				25AD6B4C24D5666300DE99B0 /* SceneDelegate.m */,
				25AD6B4E24D5666300DE99B0 /* ViewController.h */,
				25AD6B4F24D5666300DE99B0 /* ViewController.m */,
				25AD6B5124D5666300DE99B0 /* Main.storyboard */,
				25AD6B5424D5666500DE99B0 /* Assets.xcassets */,
				25AD6B5624D5666500DE99B0 /* LaunchScreen.storyboard */,
				25AD6B5924D5666500DE99B0 /* Info.plist */,
				25AD6B5A24D5666500DE99B0 /* main.m */,
			);
			path = YQTestMeetVr;
			sourceTree = "<group>";
		};
		25AD6B6324D5666500DE99B0 /* YQTestMeetVrTests */ = {
			isa = PBXGroup;
			children = (
				25AD6B6424D5666500DE99B0 /* YQTestMeetVrTests.m */,
				25AD6B6624D5666500DE99B0 /* Info.plist */,
			);
			path = YQTestMeetVrTests;
			sourceTree = "<group>";
		};
		25AD6B6E24D5666500DE99B0 /* YQTestMeetVrUITests */ = {
			isa = PBXGroup;
			children = (
				25AD6B6F24D5666500DE99B0 /* YQTestMeetVrUITests.m */,
				25AD6B7124D5666500DE99B0 /* Info.plist */,
			);
			path = YQTestMeetVrUITests;
			sourceTree = "<group>";
		};
/* End PBXGroup section */

/* Begin PBXNativeTarget section */
		25AD6B4424D5666300DE99B0 /* YQTestMeetVr */ = {
			isa = PBXNativeTarget;
			buildConfigurationList = 25AD6B7424D5666500DE99B0 /* Build configuration list for PBXNativeTarget "YQTestMeetVr" */;
			buildPhases = (
				25AD6B4124D5666300DE99B0 /* Sources */,
				25AD6B4224D5666300DE99B0 /* Frameworks */,
				25AD6B4324D5666300DE99B0 /* Resources */,
			);
			buildRules = (
			);
			dependencies = (
			);
			name = YQTestMeetVr;
			productName = YQTestMeetVr;
			productReference = 25AD6B4524D5666300DE99B0 /* YQTestMeetVr.app */;
			productType = "com.apple.product-type.application";
		};
		25AD6B5F24D5666500DE99B0 /* YQTestMeetVrTests */ = {
			isa = PBXNativeTarget;
			buildConfigurationList = 25AD6B7724D5666500DE99B0 /* Build configuration list for PBXNativeTarget "YQTestMeetVrTests" */;
			buildPhases = (
				25AD6B5C24D5666500DE99B0 /* Sources */,
				25AD6B5D24D5666500DE99B0 /* Frameworks */,
				25AD6B5E24D5666500DE99B0 /* Resources */,
			);
			buildRules = (
			);
			dependencies = (
				25AD6B6224D5666500DE99B0 /* PBXTargetDependency */,
			);
			name = YQTestMeetVrTests;
			productName = YQTestMeetVrTests;
			productReference = 25AD6B6024D5666500DE99B0 /* YQTestMeetVrTests.xctest */;
			productType = "com.apple.product-type.bundle.unit-test";
		};
		25AD6B6A24D5666500DE99B0 /* YQTestMeetVrUITests */ = {
			isa = PBXNativeTarget;
			buildConfigurationList = 25AD6B7A24D5666500DE99B0 /* Build configuration list for PBXNativeTarget "YQTestMeetVrUITests" */;
			buildPhases = (
				25AD6B6724D5666500DE99B0 /* Sources */,
				25AD6B6824D5666500DE99B0 /* Frameworks */,
				25AD6B6924D5666500DE99B0 /* Resources */,
			);
			buildRules = (
			);
			dependencies = (
				25AD6B6D24D5666500DE99B0 /* PBXTargetDependency */,
			);
			name = YQTestMeetVrUITests;
			productName = YQTestMeetVrUITests;
			productReference = 25AD6B6B24D5666500DE99B0 /* YQTestMeetVrUITests.xctest */;
			productType = "com.apple.product-type.bundle.ui-testing";
		};
/* End PBXNativeTarget section */

/* Begin PBXProject section */
		25AD6B3D24D5666300DE99B0 /* Project object */ = {
			isa = PBXProject;
			attributes = {
				LastUpgradeCheck = 1130;
				ORGANIZATIONNAME = ecotech;
				TargetAttributes = {
					25AD6B4424D5666300DE99B0 = {
						CreatedOnToolsVersion = 11.3.1;
					};
					25AD6B5F24D5666500DE99B0 = {
						CreatedOnToolsVersion = 11.3.1;
						TestTargetID = 25AD6B4424D5666300DE99B0;
					};
					25AD6B6A24D5666500DE99B0 = {
						CreatedOnToolsVersion = 11.3.1;
						TestTargetID = 25AD6B4424D5666300DE99B0;
					};
				};
			};
			buildConfigurationList = 25AD6B4024D5666300DE99B0 /* Build configuration list for PBXProject "YQTestMeetVr" */;
			compatibilityVersion = "Xcode 9.3";
			developmentRegion = en;
			hasScannedForEncodings = 0;
			knownRegions = (
				en,
				Base,
			);
			mainGroup = 25AD6B3C24D5666300DE99B0;
			productRefGroup = 25AD6B4624D5666300DE99B0 /* Products */;
			projectDirPath = "";
			projectRoot = "";
			targets = (
				25AD6B4424D5666300DE99B0 /* YQTestMeetVr */,
				25AD6B5F24D5666500DE99B0 /* YQTestMeetVrTests */,
				25AD6B6A24D5666500DE99B0 /* YQTestMeetVrUITests */,
			);
		};
/* End PBXProject section */

/* Begin PBXResourcesBuildPhase section */
		25AD6B4324D5666300DE99B0 /* Resources */ = {
			isa = PBXResourcesBuildPhase;
			buildActionMask = 2147483647;
			files = (
				25AD6B5824D5666500DE99B0 /* LaunchScreen.storyboard in Resources */,
				25AD6B5524D5666500DE99B0 /* Assets.xcassets in Resources */,
				25AD6B5324D5666300DE99B0 /* Main.storyboard in Resources */,
			);
			runOnlyForDeploymentPostprocessing = 0;
		};
		25AD6B5E24D5666500DE99B0 /* Resources */ = {
			isa = PBXResourcesBuildPhase;
			buildActionMask = 2147483647;
			files = (
			);
			runOnlyForDeploymentPostprocessing = 0;
		};
		25AD6B6924D5666500DE99B0 /* Resources */ = {
			isa = PBXResourcesBuildPhase;
			buildActionMask = 2147483647;
			files = (
			);
			runOnlyForDeploymentPostprocessing = 0;
		};
/* End PBXResourcesBuildPhase section */

/* Begin PBXSourcesBuildPhase section */
		25AD6B4124D5666300DE99B0 /* Sources */ = {
			isa = PBXSourcesBuildPhase;
			buildActionMask = 2147483647;
			files = (
				25AD6B5024D5666300DE99B0 /* ViewController.m in Sources */,
				25AD6B4A24D5666300DE99B0 /* AppDelegate.m in Sources */,
				25AD6B5B24D5666500DE99B0 /* main.m in Sources */,
				25AD6B4D24D5666300DE99B0 /* SceneDelegate.m in Sources */,
			);
			runOnlyForDeploymentPostprocessing = 0;
		};
		25AD6B5C24D5666500DE99B0 /* Sources */ = {
			isa = PBXSourcesBuildPhase;
			buildActionMask = 2147483647;
			files = (
				25AD6B6524D5666500DE99B0 /* YQTestMeetVrTests.m in Sources */,
			);
			runOnlyForDeploymentPostprocessing = 0;
		};
		25AD6B6724D5666500DE99B0 /* Sources */ = {
			isa = PBXSourcesBuildPhase;
			buildActionMask = 2147483647;
			files = (
				25AD6B7024D5666500DE99B0 /* YQTestMeetVrUITests.m in Sources */,
			);
			runOnlyForDeploymentPostprocessing = 0;
		};
/* End PBXSourcesBuildPhase section */

/* Begin PBXTargetDependency section */
		25AD6B6224D5666500DE99B0 /* PBXTargetDependency */ = {
			isa = PBXTargetDependency;
			target = 25AD6B4424D5666300DE99B0 /* YQTestMeetVr */;
			targetProxy = 25AD6B6124D5666500DE99B0 /* PBXContainerItemProxy */;
		};
		25AD6B6D24D5666500DE99B0 /* PBXTargetDependency */ = {
			isa = PBXTargetDependency;
			target = 25AD6B4424D5666300DE99B0 /* YQTestMeetVr */;
			targetProxy = 25AD6B6C24D5666500DE99B0 /* PBXContainerItemProxy */;
		};
/* End PBXTargetDependency section */

/* Begin PBXVariantGroup section */
		25AD6B5124D5666300DE99B0 /* Main.storyboard */ = {
			isa = PBXVariantGroup;
			children = (
				25AD6B5224D5666300DE99B0 /* Base */,
			);
			name = Main.storyboard;
			sourceTree = "<group>";
		};
		25AD6B5624D5666500DE99B0 /* LaunchScreen.storyboard */ = {
			isa = PBXVariantGroup;
			children = (
				25AD6B5724D5666500DE99B0 /* Base */,
			);
			name = LaunchScreen.storyboard;
			sourceTree = "<group>";
		};
/* End PBXVariantGroup section */

/* Begin XCBuildConfiguration section */
		25AD6B7224D5666500DE99B0 /* Debug */ = {
			isa = XCBuildConfiguration;
			buildSettings = {
				ALWAYS_SEARCH_USER_PATHS = NO;
				CLANG_ANALYZER_NONNULL = YES;
				CLANG_ANALYZER_NUMBER_OBJECT_CONVERSION = YES_AGGRESSIVE;
				CLANG_CXX_LANGUAGE_STANDARD = "gnu++14";
				CLANG_CXX_LIBRARY = "libc++";
				CLANG_ENABLE_MODULES = YES;
				CLANG_ENABLE_OBJC_ARC = YES;
				CLANG_ENABLE_OBJC_WEAK = YES;
				CLANG_WARN_BLOCK_CAPTURE_AUTORELEASING = YES;
				CLANG_WARN_BOOL_CONVERSION = YES;
				CLANG_WARN_COMMA = YES;
				CLANG_WARN_CONSTANT_CONVERSION = YES;
				CLANG_WARN_DEPRECATED_OBJC_IMPLEMENTATIONS = YES;
				CLANG_WARN_DIRECT_OBJC_ISA_USAGE = YES_ERROR;
				CLANG_WARN_DOCUMENTATION_COMMENTS = YES;
				CLANG_WARN_EMPTY_BODY = YES;
				CLANG_WARN_ENUM_CONVERSION = YES;
				CLANG_WARN_INFINITE_RECURSION = YES;
				CLANG_WARN_INT_CONVERSION = YES;
				CLANG_WARN_NON_LITERAL_NULL_CONVERSION = YES;
				CLANG_WARN_OBJC_IMPLICIT_RETAIN_SELF = YES;
				CLANG_WARN_OBJC_LITERAL_CONVERSION = YES;
				CLANG_WARN_OBJC_ROOT_CLASS = YES_ERROR;
				CLANG_WARN_RANGE_LOOP_ANALYSIS = YES;
				CLANG_WARN_STRICT_PROTOTYPES = YES;
				CLANG_WARN_SUSPICIOUS_MOVE = YES;
				CLANG_WARN_UNGUARDED_AVAILABILITY = YES_AGGRESSIVE;
				CLANG_WARN_UNREACHABLE_CODE = YES;
				CLANG_WARN__DUPLICATE_METHOD_MATCH = YES;
				COPY_PHASE_STRIP = NO;
				DEBUG_INFORMATION_FORMAT = dwarf;
				ENABLE_STRICT_OBJC_MSGSEND = YES;
				ENABLE_TESTABILITY = YES;
				GCC_C_LANGUAGE_STANDARD = gnu11;
				GCC_DYNAMIC_NO_PIC = NO;
				GCC_NO_COMMON_BLOCKS = YES;
				GCC_OPTIMIZATION_LEVEL = 0;
				GCC_PREPROCESSOR_DEFINITIONS = (
					"DEBUG=1",
					"$(inherited)",
				);
				GCC_WARN_64_TO_32_BIT_CONVERSION = YES;
				GCC_WARN_ABOUT_RETURN_TYPE = YES_ERROR;
				GCC_WARN_UNDECLARED_SELECTOR = YES;
				GCC_WARN_UNINITIALIZED_AUTOS = YES_AGGRESSIVE;
				GCC_WARN_UNUSED_FUNCTION = YES;
				GCC_WARN_UNUSED_VARIABLE = YES;
				IPHONEOS_DEPLOYMENT_TARGET = 13.2;
				MTL_ENABLE_DEBUG_INFO = INCLUDE_SOURCE;
				MTL_FAST_MATH = YES;
				ONLY_ACTIVE_ARCH = YES;
				SDKROOT = iphoneos;
			};
			name = Debug;
		};
		25AD6B7324D5666500DE99B0 /* Release */ = {
			isa = XCBuildConfiguration;
			buildSettings = {
				ALWAYS_SEARCH_USER_PATHS = NO;
				CLANG_ANALYZER_NONNULL = YES;
				CLANG_ANALYZER_NUMBER_OBJECT_CONVERSION = YES_AGGRESSIVE;
				CLANG_CXX_LANGUAGE_STANDARD = "gnu++14";
				CLANG_CXX_LIBRARY = "libc++";
				CLANG_ENABLE_MODULES = YES;
				CLANG_ENABLE_OBJC_ARC = YES;
				CLANG_ENABLE_OBJC_WEAK = YES;
				CLANG_WARN_BLOCK_CAPTURE_AUTORELEASING = YES;
				CLANG_WARN_BOOL_CONVERSION = YES;
				CLANG_WARN_COMMA = YES;
				CLANG_WARN_CONSTANT_CONVERSION = YES;
				CLANG_WARN_DEPRECATED_OBJC_IMPLEMENTATIONS = YES;
				CLANG_WARN_DIRECT_OBJC_ISA_USAGE = YES_ERROR;
				CLANG_WARN_DOCUMENTATION_COMMENTS = YES;
				CLANG_WARN_EMPTY_BODY = YES;
				CLANG_WARN_ENUM_CONVERSION = YES;
				CLANG_WARN_INFINITE_RECURSION = YES;
				CLANG_WARN_INT_CONVERSION = YES;
				CLANG_WARN_NON_LITERAL_NULL_CONVERSION = YES;
				CLANG_WARN_OBJC_IMPLICIT_RETAIN_SELF = YES;
				CLANG_WARN_OBJC_LITERAL_CONVERSION = YES;
				CLANG_WARN_OBJC_ROOT_CLASS = YES_ERROR;
				CLANG_WARN_RANGE_LOOP_ANALYSIS = YES;
				CLANG_WARN_STRICT_PROTOTYPES = YES;
				CLANG_WARN_SUSPICIOUS_MOVE = YES;
				CLANG_WARN_UNGUARDED_AVAILABILITY = YES_AGGRESSIVE;
				CLANG_WARN_UNREACHABLE_CODE = YES;
				CLANG_WARN__DUPLICATE_METHOD_MATCH = YES;
				COPY_PHASE_STRIP = NO;
				DEBUG_INFORMATION_FORMAT = "dwarf-with-dsym";
				ENABLE_NS_ASSERTIONS = NO;
				ENABLE_STRICT_OBJC_MSGSEND = YES;
				GCC_C_LANGUAGE_STANDARD = gnu11;
				GCC_NO_COMMON_BLOCKS = YES;
				GCC_WARN_64_TO_32_BIT_CONVERSION = YES;
				GCC_WARN_ABOUT_RETURN_TYPE = YES_ERROR;
				GCC_WARN_UNDECLARED_SELECTOR = YES;
				GCC_WARN_UNINITIALIZED_AUTOS = YES_AGGRESSIVE;
				GCC_WARN_UNUSED_FUNCTION = YES;
				GCC_WARN_UNUSED_VARIABLE = YES;
				IPHONEOS_DEPLOYMENT_TARGET = 13.2;
				MTL_ENABLE_DEBUG_INFO = NO;
				MTL_FAST_MATH = YES;
				SDKROOT = iphoneos;
				VALIDATE_PRODUCT = YES;
			};
			name = Release;
		};
		25AD6B7524D5666500DE99B0 /* Debug */ = {
			isa = XCBuildConfiguration;
			buildSettings = {
				ASSETCATALOG_COMPILER_APPICON_NAME = AppIcon;
				CODE_SIGN_STYLE = Automatic;
				DEVELOPMENT_TEAM = U4Z3YA4329;
				INFOPLIST_FILE = YQTestMeetVr/Info.plist;
				LD_RUNPATH_SEARCH_PATHS = (
					"$(inherited)",
					"@executable_path/Frameworks",
				);
				PRODUCT_BUNDLE_IDENTIFIER = com.app.testShadow.YQTestMeetVr;
				PRODUCT_NAME = "$(TARGET_NAME)";
				TARGETED_DEVICE_FAMILY = "1,2";
			};
			name = Debug;
		};
		25AD6B7624D5666500DE99B0 /* Release */ = {
			isa = XCBuildConfiguration;
			buildSettings = {
				ASSETCATALOG_COMPILER_APPICON_NAME = AppIcon;
				CODE_SIGN_STYLE = Automatic;
				DEVELOPMENT_TEAM = U4Z3YA4329;
				INFOPLIST_FILE = YQTestMeetVr/Info.plist;
				LD_RUNPATH_SEARCH_PATHS = (
					"$(inherited)",
					"@executable_path/Frameworks",
				);
				PRODUCT_BUNDLE_IDENTIFIER = com.app.testShadow.YQTestMeetVr;
				PRODUCT_NAME = "$(TARGET_NAME)";
				TARGETED_DEVICE_FAMILY = "1,2";
			};
			name = Release;
		};
		25AD6B7824D5666500DE99B0 /* Debug */ = {
			isa = XCBuildConfiguration;
			buildSettings = {
				BUNDLE_LOADER = "$(TEST_HOST)";
				CODE_SIGN_STYLE = Automatic;
				DEVELOPMENT_TEAM = U4Z3YA4329;
				INFOPLIST_FILE = YQTestMeetVrTests/Info.plist;
				IPHONEOS_DEPLOYMENT_TARGET = 13.2;
				LD_RUNPATH_SEARCH_PATHS = (
					"$(inherited)",
					"@executable_path/Frameworks",
					"@loader_path/Frameworks",
				);
				PRODUCT_BUNDLE_IDENTIFIER = com.app.testShadow.YQTestMeetVrTests;
				PRODUCT_NAME = "$(TARGET_NAME)";
				TARGETED_DEVICE_FAMILY = "1,2";
				TEST_HOST = "$(BUILT_PRODUCTS_DIR)/YQTestMeetVr.app/YQTestMeetVr";
			};
			name = Debug;
		};
		25AD6B7924D5666500DE99B0 /* Release */ = {
			isa = XCBuildConfiguration;
			buildSettings = {
				BUNDLE_LOADER = "$(TEST_HOST)";
				CODE_SIGN_STYLE = Automatic;
				DEVELOPMENT_TEAM = U4Z3YA4329;
				INFOPLIST_FILE = YQTestMeetVrTests/Info.plist;
				IPHONEOS_DEPLOYMENT_TARGET = 13.2;
				LD_RUNPATH_SEARCH_PATHS = (
					"$(inherited)",
					"@executable_path/Frameworks",
					"@loader_path/Frameworks",
				);
				PRODUCT_BUNDLE_IDENTIFIER = com.app.testShadow.YQTestMeetVrTests;
				PRODUCT_NAME = "$(TARGET_NAME)";
				TARGETED_DEVICE_FAMILY = "1,2";
				TEST_HOST = "$(BUILT_PRODUCTS_DIR)/YQTestMeetVr.app/YQTestMeetVr";
			};
			name = Release;
		};
		25AD6B7B24D5666500DE99B0 /* Debug */ = {
			isa = XCBuildConfiguration;
			buildSettings = {
				CODE_SIGN_STYLE = Automatic;
				DEVELOPMENT_TEAM = U4Z3YA4329;
				INFOPLIST_FILE = YQTestMeetVrUITests/Info.plist;
				LD_RUNPATH_SEARCH_PATHS = (
					"$(inherited)",
					"@executable_path/Frameworks",
					"@loader_path/Frameworks",
				);
				PRODUCT_BUNDLE_IDENTIFIER = com.app.testShadow.YQTestMeetVrUITests;
				PRODUCT_NAME = "$(TARGET_NAME)";
				TARGETED_DEVICE_FAMILY = "1,2";
				TEST_TARGET_NAME = YQTestMeetVr;
			};
			name = Debug;
		};
		25AD6B7C24D5666500DE99B0 /* Release */ = {
			isa = XCBuildConfiguration;
			buildSettings = {
				CODE_SIGN_STYLE = Automatic;
				DEVELOPMENT_TEAM = U4Z3YA4329;
				INFOPLIST_FILE = YQTestMeetVrUITests/Info.plist;
				LD_RUNPATH_SEARCH_PATHS = (
					"$(inherited)",
					"@executable_path/Frameworks",
					"@loader_path/Frameworks",
				);
				PRODUCT_BUNDLE_IDENTIFIER = com.app.testShadow.YQTestMeetVrUITests;
				PRODUCT_NAME = "$(TARGET_NAME)";
				TARGETED_DEVICE_FAMILY = "1,2";
				TEST_TARGET_NAME = YQTestMeetVr;
			};
			name = Release;
		};
/* End XCBuildConfiguration section */

/* Begin XCConfigurationList section */
		25AD6B4024D5666300DE99B0 /* Build configuration list for PBXProject "YQTestMeetVr" */ = {
			isa = XCConfigurationList;
			buildConfigurations = (
				25AD6B7224D5666500DE99B0 /* Debug */,
				25AD6B7324D5666500DE99B0 /* Release */,
			);
			defaultConfigurationIsVisible = 0;
			defaultConfigurationName = Release;
		};
		25AD6B7424D5666500DE99B0 /* Build configuration list for PBXNativeTarget "YQTestMeetVr" */ = {
			isa = XCConfigurationList;
			buildConfigurations = (
				25AD6B7524D5666500DE99B0 /* Debug */,
				25AD6B7624D5666500DE99B0 /* Release */,
			);
			defaultConfigurationIsVisible = 0;
			defaultConfigurationName = Release;
		};
		25AD6B7724D5666500DE99B0 /* Build configuration list for PBXNativeTarget "YQTestMeetVrTests" */ = {
			isa = XCConfigurationList;
			buildConfigurations = (
				25AD6B7824D5666500DE99B0 /* Debug */,
				25AD6B7924D5666500DE99B0 /* Release */,
			);
			defaultConfigurationIsVisible = 0;
			defaultConfigurationName = Release;
		};
		25AD6B7A24D5666500DE99B0 /* Build configuration list for PBXNativeTarget "YQTestMeetVrUITests" */ = {
			isa = XCConfigurationList;
			buildConfigurations = (
				25AD6B7B24D5666500DE99B0 /* Debug */,
				25AD6B7C24D5666500DE99B0 /* Release */,
			);
			defaultConfigurationIsVisible = 0;
			defaultConfigurationName = Release;
		};
/* End XCConfigurationList section */
	};
	rootObject = 25AD6B3D24D5666300DE99B0 /* Project object */;
}
